
Microsoft Visual Studio Solution File, Format Version 12.00
# Visual Studio Version 16
VisualStudioVersion = 16.0.29920.165
MinimumVisualStudioVersion = 10.0.40219.1
Project("{FAE04EC0-301F-11D3-BF4B-00C04F79EFBC}") = "Lesson2_HW", "Lesson2_HW.csproj", "{FB3A35F3-7B62-4B62-AAA8-330AC2D1268F}"
EndProject
Global
	GlobalSection(SolutionConfigurationPlatforms) = preSolution
		Debug|Any CPU = Debug|Any CPU
		Release|Any CPU = Release|Any CPU
	EndGlobalSection
	GlobalSection(ProjectConfigurationPlatforms) = postSolution
		{FB3A35F3-7B62-4B62-AAA8-330AC2D1268F}.Debug|Any CPU.ActiveCfg = Debug|Any CPU
		{FB3A35F3-7B62-4B62-AAA8-330AC2D1268F}.Debug|Any CPU.Build.0 = Debug|Any CPU
		{FB3A35F3-7B62-4B62-AAA8-330AC2D1268F}.Release|Any CPU.ActiveCfg = Release|Any CPU
		{FB3A35F3-7B62-4B62-AAA8-330AC2D1268F}.Release|Any CPU.Build.0 = Release|Any CPU
	EndGlobalSection
	GlobalSection(SolutionProperties) = preSolution
		HideSolutionNode = FALSE
	EndGlobalSection
	GlobalSection(ExtensibilityGlobals) = postSolution
		SolutionGuid = {EEB51FE1-074B-4D63-A1F3-DA0A0079062E}
	EndGlobalSection
EndGlobal
