
Microsoft Visual Studio Solution File, Format Version 12.00
# Visual Studio Version 16
VisualStudioVersion = 16.0.29920.165
MinimumVisualStudioVersion = 10.0.40219.1
Project("{FAE04EC0-301F-11D3-BF4B-00C04F79EFBC}") = "Lesson4_HW", "Lesson4_HW.csproj", "{3EF64777-03E2-4F28-A2C6-7B499C50A5CF}"
EndProject
Project("{FAE04EC0-301F-11D3-BF4B-00C04F79EFBC}") = "LibArray", "..\LibArray\LibArray.csproj", "{950CF405-83DD-4C2E-AF39-EE5D0F3DDFB3}"
EndProject
Project("{FAE04EC0-301F-11D3-BF4B-00C04F79EFBC}") = "TwoDimenArray", "..\TwoDimenArray\TwoDimenArray.csproj", "{9C25A865-2B76-4F1D-8CAF-6429E80EDDA3}"
EndProject
Global
	GlobalSection(SolutionConfigurationPlatforms) = preSolution
		Debug|Any CPU = Debug|Any CPU
		Release|Any CPU = Release|Any CPU
	EndGlobalSection
	GlobalSection(ProjectConfigurationPlatforms) = postSolution
		{3EF64777-03E2-4F28-A2C6-7B499C50A5CF}.Debug|Any CPU.ActiveCfg = Debug|Any CPU
		{3EF64777-03E2-4F28-A2C6-7B499C50A5CF}.Debug|Any CPU.Build.0 = Debug|Any CPU
		{3EF64777-03E2-4F28-A2C6-7B499C50A5CF}.Release|Any CPU.ActiveCfg = Release|Any CPU
		{3EF64777-03E2-4F28-A2C6-7B499C50A5CF}.Release|Any CPU.Build.0 = Release|Any CPU
		{950CF405-83DD-4C2E-AF39-EE5D0F3DDFB3}.Debug|Any CPU.ActiveCfg = Debug|Any CPU
		{950CF405-83DD-4C2E-AF39-EE5D0F3DDFB3}.Debug|Any CPU.Build.0 = Debug|Any CPU
		{950CF405-83DD-4C2E-AF39-EE5D0F3DDFB3}.Release|Any CPU.ActiveCfg = Release|Any CPU
		{950CF405-83DD-4C2E-AF39-EE5D0F3DDFB3}.Release|Any CPU.Build.0 = Release|Any CPU
		{9C25A865-2B76-4F1D-8CAF-6429E80EDDA3}.Debug|Any CPU.ActiveCfg = Debug|Any CPU
		{9C25A865-2B76-4F1D-8CAF-6429E80EDDA3}.Debug|Any CPU.Build.0 = Debug|Any CPU
		{9C25A865-2B76-4F1D-8CAF-6429E80EDDA3}.Release|Any CPU.ActiveCfg = Release|Any CPU
		{9C25A865-2B76-4F1D-8CAF-6429E80EDDA3}.Release|Any CPU.Build.0 = Release|Any CPU
	EndGlobalSection
	GlobalSection(SolutionProperties) = preSolution
		HideSolutionNode = FALSE
	EndGlobalSection
	GlobalSection(ExtensibilityGlobals) = postSolution
		SolutionGuid = {BF824425-48C2-42FB-905B-B67EF3A64D0E}
	EndGlobalSection
EndGlobal
