
Microsoft Visual Studio Solution File, Format Version 12.00
# Visual Studio Version 16
VisualStudioVersion = 16.0.29920.165
MinimumVisualStudioVersion = 10.0.40219.1
Project("{FAE04EC0-301F-11D3-BF4B-00C04F79EFBC}") = "Lesson3_HW", "Lesson3_HW.csproj", "{2CB2D359-EF71-452D-BC8C-13D101A5D801}"
EndProject
Global
	GlobalSection(SolutionConfigurationPlatforms) = preSolution
		Debug|Any CPU = Debug|Any CPU
		Release|Any CPU = Release|Any CPU
	EndGlobalSection
	GlobalSection(ProjectConfigurationPlatforms) = postSolution
		{2CB2D359-EF71-452D-BC8C-13D101A5D801}.Debug|Any CPU.ActiveCfg = Debug|Any CPU
		{2CB2D359-EF71-452D-BC8C-13D101A5D801}.Debug|Any CPU.Build.0 = Debug|Any CPU
		{2CB2D359-EF71-452D-BC8C-13D101A5D801}.Release|Any CPU.ActiveCfg = Release|Any CPU
		{2CB2D359-EF71-452D-BC8C-13D101A5D801}.Release|Any CPU.Build.0 = Release|Any CPU
	EndGlobalSection
	GlobalSection(SolutionProperties) = preSolution
		HideSolutionNode = FALSE
	EndGlobalSection
	GlobalSection(ExtensibilityGlobals) = postSolution
		SolutionGuid = {EFAB834C-4B5F-454A-96A6-974F320844F6}
	EndGlobalSection
EndGlobal
